// !$*UTF8*$!
{
	archiveVersion = 1;
	classes = {
	};
	objectVersion = 46;
	objects = {

/* Begin PBXBuildFile section */
		E433FBD417E9F74A006EBA92 /* UIKit.framework in Frameworks */ = {isa = PBXBuildFile; fileRef = E433FBD317E9F749006EBA92 /* UIKit.framework */; };
		E433FBD617E9F74A006EBA92 /* Foundation.framework in Frameworks */ = {isa = PBXBuildFile; fileRef = E433FBD517E9F74A006EBA92 /* Foundation.framework */; };
		E433FBD817E9F74A006EBA92 /* CoreGraphics.framework in Frameworks */ = {isa = PBXBuildFile; fileRef = E433FBD717E9F74A006EBA92 /* CoreGraphics.framework */; };
		E433FBDE17E9F74A006EBA92 /* InfoPlist.strings in Resources */ = {isa = PBXBuildFile; fileRef = E433FBDC17E9F74A006EBA92 /* InfoPlist.strings */; };
		E433FBE017E9F74A006EBA92 /* main.m in Sources */ = {isa = PBXBuildFile; fileRef = E433FBDF17E9F74A006EBA92 /* main.m */; };
		E433FBE417E9F74A006EBA92 /* JBAppDelegate.m in Sources */ = {isa = PBXBuildFile; fileRef = E433FBE317E9F74A006EBA92 /* JBAppDelegate.m */; };
		E433FBE617E9F74A006EBA92 /* Default.png in Resources */ = {isa = PBXBuildFile; fileRef = E433FBE517E9F74A006EBA92 /* Default.png */; };
		E433FBE817E9F74A006EBA92 /* Default@2x.png in Resources */ = {isa = PBXBuildFile; fileRef = E433FBE717E9F74A006EBA92 /* Default@2x.png */; };
		E433FBEA17E9F74A006EBA92 /* Default-568h@2x.png in Resources */ = {isa = PBXBuildFile; fileRef = E433FBE917E9F74A006EBA92 /* Default-568h@2x.png */; };
		E433FBED17E9F74A006EBA92 /* JBViewController.m in Sources */ = {isa = PBXBuildFile; fileRef = E433FBEC17E9F74A006EBA92 /* JBViewController.m */; };
		E433FBF017E9F74A006EBA92 /* JBViewController.xib in Resources */ = {isa = PBXBuildFile; fileRef = E433FBEE17E9F74A006EBA92 /* JBViewController.xib */; };
		E433FBF817E9F74A006EBA92 /* SenTestingKit.framework in Frameworks */ = {isa = PBXBuildFile; fileRef = E433FBF717E9F74A006EBA92 /* SenTestingKit.framework */; };
		E433FBF917E9F74A006EBA92 /* UIKit.framework in Frameworks */ = {isa = PBXBuildFile; fileRef = E433FBD317E9F749006EBA92 /* UIKit.framework */; };
		E433FBFA17E9F74A006EBA92 /* Foundation.framework in Frameworks */ = {isa = PBXBuildFile; fileRef = E433FBD517E9F74A006EBA92 /* Foundation.framework */; };
		E433FC0217E9F74A006EBA92 /* InfoPlist.strings in Resources */ = {isa = PBXBuildFile; fileRef = E433FC0017E9F74A006EBA92 /* InfoPlist.strings */; };
		E433FC0517E9F74A006EBA92 /* My_First_Interface_Builder_ProjectTests.m in Sources */ = {isa = PBXBuildFile; fileRef = E433FC0417E9F74A006EBA92 /* My_First_Interface_Builder_ProjectTests.m */; };
		E433FC1617EA0929006EBA92 /* JBVC2.m in Sources */ = {isa = PBXBuildFile; fileRef = E433FC1417EA0929006EBA92 /* JBVC2.m */; };
		E433FC1717EA0929006EBA92 /* JBVC2.xib in Resources */ = {isa = PBXBuildFile; fileRef = E433FC1517EA0929006EBA92 /* JBVC2.xib */; };
/* End PBXBuildFile section */

/* Begin PBXContainerItemProxy section */
		E433FBFB17E9F74A006EBA92 /* PBXContainerItemProxy */ = {
			isa = PBXContainerItemProxy;
			containerPortal = E433FBC817E9F749006EBA92 /* Project object */;
			proxyType = 1;
			remoteGlobalIDString = E433FBCF17E9F749006EBA92;
			remoteInfo = "My First Interface Builder Project";
		};
/* End PBXContainerItemProxy section */

/* Begin PBXFileReference section */
		E433FBD017E9F749006EBA92 /* My First Interface Builder Project.app */ = {isa = PBXFileReference; explicitFileType = wrapper.application; includeInIndex = 0; path = "My First Interface Builder Project.app"; sourceTree = BUILT_PRODUCTS_DIR; };
		E433FBD317E9F749006EBA92 /* UIKit.framework */ = {isa = PBXFileReference; lastKnownFileType = wrapper.framework; name = UIKit.framework; path = System/Library/Frameworks/UIKit.framework; sourceTree = SDKROOT; };
		E433FBD517E9F74A006EBA92 /* Foundation.framework */ = {isa = PBXFileReference; lastKnownFileType = wrapper.framework; name = Foundation.framework; path = System/Library/Frameworks/Foundation.framework; sourceTree = SDKROOT; };
		E433FBD717E9F74A006EBA92 /* CoreGraphics.framework */ = {isa = PBXFileReference; lastKnownFileType = wrapper.framework; name = CoreGraphics.framework; path = System/Library/Frameworks/CoreGraphics.framework; sourceTree = SDKROOT; };
		E433FBDB17E9F74A006EBA92 /* My First Interface Builder Project-Info.plist */ = {isa = PBXFileReference; lastKnownFileType = text.plist.xml; path = "My First Interface Builder Project-Info.plist"; sourceTree = "<group>"; };
		E433FBDD17E9F74A006EBA92 /* en */ = {isa = PBXFileReference; lastKnownFileType = text.plist.strings; name = en; path = en.lproj/InfoPlist.strings; sourceTree = "<group>"; };
		E433FBDF17E9F74A006EBA92 /* main.m */ = {isa = PBXFileReference; lastKnownFileType = sourcecode.c.objc; path = main.m; sourceTree = "<group>"; };
		E433FBE117E9F74A006EBA92 /* My First Interface Builder Project-Prefix.pch */ = {isa = PBXFileReference; lastKnownFileType = sourcecode.c.h; path = "My First Interface Builder Project-Prefix.pch"; sourceTree = "<group>"; };
		E433FBE217E9F74A006EBA92 /* JBAppDelegate.h */ = {isa = PBXFileReference; lastKnownFileType = sourcecode.c.h; path = JBAppDelegate.h; sourceTree = "<group>"; };
		E433FBE317E9F74A006EBA92 /* JBAppDelegate.m */ = {isa = PBXFileReference; lastKnownFileType = sourcecode.c.objc; path = JBAppDelegate.m; sourceTree = "<group>"; };
		E433FBE517E9F74A006EBA92 /* Default.png */ = {isa = PBXFileReference; lastKnownFileType = image.png; path = Default.png; sourceTree = "<group>"; };
		E433FBE717E9F74A006EBA92 /* Default@2x.png */ = {isa = PBXFileReference; lastKnownFileType = image.png; path = "Default@2x.png"; sourceTree = "<group>"; };
		E433FBE917E9F74A006EBA92 /* Default-568h@2x.png */ = {isa = PBXFileReference; lastKnownFileType = image.png; path = "Default-568h@2x.png"; sourceTree = "<group>"; };
		E433FBEB17E9F74A006EBA92 /* JBViewController.h */ = {isa = PBXFileReference; lastKnownFileType = sourcecode.c.h; path = JBViewController.h; sourceTree = "<group>"; };
		E433FBEC17E9F74A006EBA92 /* JBViewController.m */ = {isa = PBXFileReference; lastKnownFileType = sourcecode.c.objc; path = JBViewController.m; sourceTree = "<group>"; };
		E433FBEF17E9F74A006EBA92 /* en */ = {isa = PBXFileReference; lastKnownFileType = file.xib; name = en; path = en.lproj/JBViewController.xib; sourceTree = "<group>"; };
		E433FBF617E9F74A006EBA92 /* My First Interface Builder ProjectTests.octest */ = {isa = PBXFileReference; explicitFileType = wrapper.cfbundle; includeInIndex = 0; path = "My First Interface Builder ProjectTests.octest"; sourceTree = BUILT_PRODUCTS_DIR; };
		E433FBF717E9F74A006EBA92 /* SenTestingKit.framework */ = {isa = PBXFileReference; lastKnownFileType = wrapper.framework; name = SenTestingKit.framework; path = Library/Frameworks/SenTestingKit.framework; sourceTree = DEVELOPER_DIR; };
		E433FBFF17E9F74A006EBA92 /* My First Interface Builder ProjectTests-Info.plist */ = {isa = PBXFileReference; lastKnownFileType = text.plist.xml; path = "My First Interface Builder ProjectTests-Info.plist"; sourceTree = "<group>"; };
		E433FC0117E9F74A006EBA92 /* en */ = {isa = PBXFileReference; lastKnownFileType = text.plist.strings; name = en; path = en.lproj/InfoPlist.strings; sourceTree = "<group>"; };
		E433FC0317E9F74A006EBA92 /* My_First_Interface_Builder_ProjectTests.h */ = {isa = PBXFileReference; lastKnownFileType = sourcecode.c.h; path = My_First_Interface_Builder_ProjectTests.h; sourceTree = "<group>"; };
		E433FC0417E9F74A006EBA92 /* My_First_Interface_Builder_ProjectTests.m */ = {isa = PBXFileReference; lastKnownFileType = sourcecode.c.objc; path = My_First_Interface_Builder_ProjectTests.m; sourceTree = "<group>"; };
		E433FC1317EA0929006EBA92 /* JBVC2.h */ = {isa = PBXFileReference; fileEncoding = 4; lastKnownFileType = sourcecode.c.h; path = JBVC2.h; sourceTree = "<group>"; };
		E433FC1417EA0929006EBA92 /* JBVC2.m */ = {isa = PBXFileReference; fileEncoding = 4; lastKnownFileType = sourcecode.c.objc; path = JBVC2.m; sourceTree = "<group>"; };
		E433FC1517EA0929006EBA92 /* JBVC2.xib */ = {isa = PBXFileReference; fileEncoding = 4; lastKnownFileType = file.xib; path = JBVC2.xib; sourceTree = "<group>"; };
/* End PBXFileReference section */

/* Begin PBXFrameworksBuildPhase section */
		E433FBCD17E9F749006EBA92 /* Frameworks */ = {
			isa = PBXFrameworksBuildPhase;
			buildActionMask = 2147483647;
			files = (
				E433FBD417E9F74A006EBA92 /* UIKit.framework in Frameworks */,
				E433FBD617E9F74A006EBA92 /* Foundation.framework in Frameworks */,
				E433FBD817E9F74A006EBA92 /* CoreGraphics.framework in Frameworks */,
			);
			runOnlyForDeploymentPostprocessing = 0;
		};
		E433FBF217E9F74A006EBA92 /* Frameworks */ = {
			isa = PBXFrameworksBuildPhase;
			buildActionMask = 2147483647;
			files = (
				E433FBF817E9F74A006EBA92 /* SenTestingKit.framework in Frameworks */,
				E433FBF917E9F74A006EBA92 /* UIKit.framework in Frameworks */,
				E433FBFA17E9F74A006EBA92 /* Foundation.framework in Frameworks */,
			);
			runOnlyForDeploymentPostprocessing = 0;
		};
/* End PBXFrameworksBuildPhase section */

/* Begin PBXGroup section */
		E433FBC717E9F749006EBA92 = {
			isa = PBXGroup;
			children = (
				E433FBD917E9F74A006EBA92 /* My First Interface Builder Project */,
				E433FBFD17E9F74A006EBA92 /* My First Interface Builder ProjectTests */,
				E433FBD217E9F749006EBA92 /* Frameworks */,
				E433FBD117E9F749006EBA92 /* Products */,
			);
			sourceTree = "<group>";
		};
		E433FBD117E9F749006EBA92 /* Products */ = {
			isa = PBXGroup;
			children = (
				E433FBD017E9F749006EBA92 /* My First Interface Builder Project.app */,
				E433FBF617E9F74A006EBA92 /* My First Interface Builder ProjectTests.octest */,
			);
			name = Products;
			sourceTree = "<group>";
		};
		E433FBD217E9F749006EBA92 /* Frameworks */ = {
			isa = PBXGroup;
			children = (
				E433FBD317E9F749006EBA92 /* UIKit.framework */,
				E433FBD517E9F74A006EBA92 /* Foundation.framework */,
				E433FBD717E9F74A006EBA92 /* CoreGraphics.framework */,
				E433FBF717E9F74A006EBA92 /* SenTestingKit.framework */,
			);
			name = Frameworks;
			sourceTree = "<group>";
		};
		E433FBD917E9F74A006EBA92 /* My First Interface Builder Project */ = {
			isa = PBXGroup;
			children = (
				E433FBE217E9F74A006EBA92 /* JBAppDelegate.h */,
				E433FBE317E9F74A006EBA92 /* JBAppDelegate.m */,
				E433FBEB17E9F74A006EBA92 /* JBViewController.h */,
				E433FBEC17E9F74A006EBA92 /* JBViewController.m */,
				E433FC1317EA0929006EBA92 /* JBVC2.h */,
				E433FC1417EA0929006EBA92 /* JBVC2.m */,
				E433FC1517EA0929006EBA92 /* JBVC2.xib */,
				E433FBEE17E9F74A006EBA92 /* JBViewController.xib */,
				E433FBDA17E9F74A006EBA92 /* Supporting Files */,
			);
			path = "My First Interface Builder Project";
			sourceTree = "<group>";
		};
		E433FBDA17E9F74A006EBA92 /* Supporting Files */ = {
			isa = PBXGroup;
			children = (
				E433FBDB17E9F74A006EBA92 /* My First Interface Builder Project-Info.plist */,
				E433FBDC17E9F74A006EBA92 /* InfoPlist.strings */,
				E433FBDF17E9F74A006EBA92 /* main.m */,
				E433FBE117E9F74A006EBA92 /* My First Interface Builder Project-Prefix.pch */,
				E433FBE517E9F74A006EBA92 /* Default.png */,
				E433FBE717E9F74A006EBA92 /* Default@2x.png */,
				E433FBE917E9F74A006EBA92 /* Default-568h@2x.png */,
			);
			name = "Supporting Files";
			sourceTree = "<group>";
		};
		E433FBFD17E9F74A006EBA92 /* My First Interface Builder ProjectTests */ = {
			isa = PBXGroup;
			children = (
				E433FC0317E9F74A006EBA92 /* My_First_Interface_Builder_ProjectTests.h */,
				E433FC0417E9F74A006EBA92 /* My_First_Interface_Builder_ProjectTests.m */,
				E433FBFE17E9F74A006EBA92 /* Supporting Files */,
			);
			path = "My First Interface Builder ProjectTests";
			sourceTree = "<group>";
		};
		E433FBFE17E9F74A006EBA92 /* Supporting Files */ = {
			isa = PBXGroup;
			children = (
				E433FBFF17E9F74A006EBA92 /* My First Interface Builder ProjectTests-Info.plist */,
				E433FC0017E9F74A006EBA92 /* InfoPlist.strings */,
			);
			name = "Supporting Files";
			sourceTree = "<group>";
		};
/* End PBXGroup section */

/* Begin PBXNativeTarget section */
		E433FBCF17E9F749006EBA92 /* My First Interface Builder Project */ = {
			isa = PBXNativeTarget;
			buildConfigurationList = E433FC0817E9F74A006EBA92 /* Build configuration list for PBXNativeTarget "My First Interface Builder Project" */;
			buildPhases = (
				E433FBCC17E9F749006EBA92 /* Sources */,
				E433FBCD17E9F749006EBA92 /* Frameworks */,
				E433FBCE17E9F749006EBA92 /* Resources */,
			);
			buildRules = (
			);
			dependencies = (
			);
			name = "My First Interface Builder Project";
			productName = "My First Interface Builder Project";
			productReference = E433FBD017E9F749006EBA92 /* My First Interface Builder Project.app */;
			productType = "com.apple.product-type.application";
		};
		E433FBF517E9F74A006EBA92 /* My First Interface Builder ProjectTests */ = {
			isa = PBXNativeTarget;
			buildConfigurationList = E433FC0B17E9F74A006EBA92 /* Build configuration list for PBXNativeTarget "My First Interface Builder ProjectTests" */;
			buildPhases = (
				E433FBF117E9F74A006EBA92 /* Sources */,
				E433FBF217E9F74A006EBA92 /* Frameworks */,
				E433FBF317E9F74A006EBA92 /* Resources */,
				E433FBF417E9F74A006EBA92 /* ShellScript */,
			);
			buildRules = (
			);
			dependencies = (
				E433FBFC17E9F74A006EBA92 /* PBXTargetDependency */,
			);
			name = "My First Interface Builder ProjectTests";
			productName = "My First Interface Builder ProjectTests";
			productReference = E433FBF617E9F74A006EBA92 /* My First Interface Builder ProjectTests.octest */;
			productType = "com.apple.product-type.bundle";
		};
/* End PBXNativeTarget section */

/* Begin PBXProject section */
		E433FBC817E9F749006EBA92 /* Project object */ = {
			isa = PBXProject;
			attributes = {
				CLASSPREFIX = JB;
				LastUpgradeCheck = 0460;
				ORGANIZATIONNAME = "Jay Basco";
			};
			buildConfigurationList = E433FBCB17E9F749006EBA92 /* Build configuration list for PBXProject "My First Interface Builder Project" */;
			compatibilityVersion = "Xcode 3.2";
			developmentRegion = English;
			hasScannedForEncodings = 0;
			knownRegions = (
				en,
			);
			mainGroup = E433FBC717E9F749006EBA92;
			productRefGroup = E433FBD117E9F749006EBA92 /* Products */;
			projectDirPath = "";
			projectRoot = "";
			targets = (
				E433FBCF17E9F749006EBA92 /* My First Interface Builder Project */,
				E433FBF517E9F74A006EBA92 /* My First Interface Builder ProjectTests */,
			);
		};
/* End PBXProject section */

/* Begin PBXResourcesBuildPhase section */
		E433FBCE17E9F749006EBA92 /* Resources */ = {
			isa = PBXResourcesBuildPhase;
			buildActionMask = 2147483647;
			files = (
				E433FBDE17E9F74A006EBA92 /* InfoPlist.strings in Resources */,
				E433FBE617E9F74A006EBA92 /* Default.png in Resources */,
				E433FBE817E9F74A006EBA92 /* Default@2x.png in Resources */,
				E433FBEA17E9F74A006EBA92 /* Default-568h@2x.png in Resources */,
				E433FBF017E9F74A006EBA92 /* JBViewController.xib in Resources */,
				E433FC1717EA0929006EBA92 /* JBVC2.xib in Resources */,
			);
			runOnlyForDeploymentPostprocessing = 0;
		};
		E433FBF317E9F74A006EBA92 /* Resources */ = {
			isa = PBXResourcesBuildPhase;
			buildActionMask = 2147483647;
			files = (
				E433FC0217E9F74A006EBA92 /* InfoPlist.strings in Resources */,
			);
			runOnlyForDeploymentPostprocessing = 0;
		};
/* End PBXResourcesBuildPhase section */

/* Begin PBXShellScriptBuildPhase section */
		E433FBF417E9F74A006EBA92 /* ShellScript */ = {
			isa = PBXShellScriptBuildPhase;
			buildActionMask = 2147483647;
			files = (
			);
			inputPaths = (
			);
			outputPaths = (
			);
			runOnlyForDeploymentPostprocessing = 0;
			shellPath = /bin/sh;
			shellScript = "# Run the unit tests in this test bundle.\n\"${SYSTEM_DEVELOPER_DIR}/Tools/RunUnitTests\"\n";
		};
/* End PBXShellScriptBuildPhase section */

/* Begin PBXSourcesBuildPhase section */
		E433FBCC17E9F749006EBA92 /* Sources */ = {
			isa = PBXSourcesBuildPhase;
			buildActionMask = 2147483647;
			files = (
				E433FBE017E9F74A006EBA92 /* main.m in Sources */,
				E433FBE417E9F74A006EBA92 /* JBAppDelegate.m in Sources */,
				E433FBED17E9F74A006EBA92 /* JBViewController.m in Sources */,
				E433FC1617EA0929006EBA92 /* JBVC2.m in Sources */,
			);
			runOnlyForDeploymentPostprocessing = 0;
		};
		E433FBF117E9F74A006EBA92 /* Sources */ = {
			isa = PBXSourcesBuildPhase;
			buildActionMask = 2147483647;
			files = (
				E433FC0517E9F74A006EBA92 /* My_First_Interface_Builder_ProjectTests.m in Sources */,
			);
			runOnlyForDeploymentPostprocessing = 0;
		};
/* End PBXSourcesBuildPhase section */

/* Begin PBXTargetDependency section */
		E433FBFC17E9F74A006EBA92 /* PBXTargetDependency */ = {
			isa = PBXTargetDependency;
			target = E433FBCF17E9F749006EBA92 /* My First Interface Builder Project */;
			targetProxy = E433FBFB17E9F74A006EBA92 /* PBXContainerItemProxy */;
		};
/* End PBXTargetDependency section */

/* Begin PBXVariantGroup section */
		E433FBDC17E9F74A006EBA92 /* InfoPlist.strings */ = {
			isa = PBXVariantGroup;
			children = (
				E433FBDD17E9F74A006EBA92 /* en */,
			);
			name = InfoPlist.strings;
			sourceTree = "<group>";
		};
		E433FBEE17E9F74A006EBA92 /* JBViewController.xib */ = {
			isa = PBXVariantGroup;
			children = (
				E433FBEF17E9F74A006EBA92 /* en */,
			);
			name = JBViewController.xib;
			sourceTree = "<group>";
		};
		E433FC0017E9F74A006EBA92 /* InfoPlist.strings */ = {
			isa = PBXVariantGroup;
			children = (
				E433FC0117E9F74A006EBA92 /* en */,
			);
			name = InfoPlist.strings;
			sourceTree = "<group>";
		};
/* End PBXVariantGroup section */

/* Begin XCBuildConfiguration section */
		E433FC0617E9F74A006EBA92 /* Debug */ = {
			isa = XCBuildConfiguration;
			buildSettings = {
				ALWAYS_SEARCH_USER_PATHS = NO;
				CLANG_CXX_LANGUAGE_STANDARD = "gnu++0x";
				CLANG_CXX_LIBRARY = "libc++";
				CLANG_ENABLE_OBJC_ARC = YES;
				CLANG_WARN_CONSTANT_CONVERSION = YES;
				CLANG_WARN_EMPTY_BODY = YES;
				CLANG_WARN_ENUM_CONVERSION = YES;
				CLANG_WARN_INT_CONVERSION = YES;
				CLANG_WARN__DUPLICATE_METHOD_MATCH = YES;
				"CODE_SIGN_IDENTITY[sdk=iphoneos*]" = "iPhone Developer";
				COPY_PHASE_STRIP = NO;
				GCC_C_LANGUAGE_STANDARD = gnu99;
				GCC_DYNAMIC_NO_PIC = NO;
				GCC_OPTIMIZATION_LEVEL = 0;
				GCC_PREPROCESSOR_DEFINITIONS = (
					"DEBUG=1",
					"$(inherited)",
				);
				GCC_SYMBOLS_PRIVATE_EXTERN = NO;
				GCC_WARN_ABOUT_RETURN_TYPE = YES;
				GCC_WARN_UNINITIALIZED_AUTOS = YES;
				GCC_WARN_UNUSED_VARIABLE = YES;
				IPHONEOS_DEPLOYMENT_TARGET = 6.1;
				ONLY_ACTIVE_ARCH = YES;
				SDKROOT = iphoneos;
			};
			name = Debug;
		};
		E433FC0717E9F74A006EBA92 /* Release */ = {
			isa = XCBuildConfiguration;
			buildSettings = {
				ALWAYS_SEARCH_USER_PATHS = NO;
				CLANG_CXX_LANGUAGE_STANDARD = "gnu++0x";
				CLANG_CXX_LIBRARY = "libc++";
				CLANG_ENABLE_OBJC_ARC = YES;
				CLANG_WARN_CONSTANT_CONVERSION = YES;
				CLANG_WARN_EMPTY_BODY = YES;
				CLANG_WARN_ENUM_CONVERSION = YES;
				CLANG_WARN_INT_CONVERSION = YES;
				CLANG_WARN__DUPLICATE_METHOD_MATCH = YES;
				"CODE_SIGN_IDENTITY[sdk=iphoneos*]" = "iPhone Developer";
				COPY_PHASE_STRIP = YES;
				GCC_C_LANGUAGE_STANDARD = gnu99;
				GCC_WARN_ABOUT_RETURN_TYPE = YES;
				GCC_WARN_UNINITIALIZED_AUTOS = YES;
				GCC_WARN_UNUSED_VARIABLE = YES;
				IPHONEOS_DEPLOYMENT_TARGET = 6.1;
				OTHER_CFLAGS = "-DNS_BLOCK_ASSERTIONS=1";
				SDKROOT = iphoneos;
				VALIDATE_PRODUCT = YES;
			};
			name = Release;
		};
		E433FC0917E9F74A006EBA92 /* Debug */ = {
			isa = XCBuildConfiguration;
			buildSettings = {
				GCC_PRECOMPILE_PREFIX_HEADER = YES;
				GCC_PREFIX_HEADER = "My First Interface Builder Project/My First Interface Builder Project-Prefix.pch";
				INFOPLIST_FILE = "My First Interface Builder Project/My First Interface Builder Project-Info.plist";
				PRODUCT_NAME = "$(TARGET_NAME)";
				WRAPPER_EXTENSION = app;
			};
			name = Debug;
		};
		E433FC0A17E9F74A006EBA92 /* Release */ = {
			isa = XCBuildConfiguration;
			buildSettings = {
				GCC_PRECOMPILE_PREFIX_HEADER = YES;
				GCC_PREFIX_HEADER = "My First Interface Builder Project/My First Interface Builder Project-Prefix.pch";
				INFOPLIST_FILE = "My First Interface Builder Project/My First Interface Builder Project-Info.plist";
				PRODUCT_NAME = "$(TARGET_NAME)";
				WRAPPER_EXTENSION = app;
			};
			name = Release;
		};
		E433FC0C17E9F74A006EBA92 /* Debug */ = {
			isa = XCBuildConfiguration;
			buildSettings = {
				BUNDLE_LOADER = "$(BUILT_PRODUCTS_DIR)/My First Interface Builder Project.app/My First Interface Builder Project";
				FRAMEWORK_SEARCH_PATHS = (
					"\"$(SDKROOT)/Developer/Library/Frameworks\"",
					"\"$(DEVELOPER_LIBRARY_DIR)/Frameworks\"",
				);
				GCC_PRECOMPILE_PREFIX_HEADER = YES;
				GCC_PREFIX_HEADER = "My First Interface Builder Project/My First Interface Builder Project-Prefix.pch";
				INFOPLIST_FILE = "My First Interface Builder ProjectTests/My First Interface Builder ProjectTests-Info.plist";
				PRODUCT_NAME = "$(TARGET_NAME)";
				TEST_HOST = "$(BUNDLE_LOADER)";
				WRAPPER_EXTENSION = octest;
			};
			name = Debug;
		};
		E433FC0D17E9F74A006EBA92 /* Release */ = {
			isa = XCBuildConfiguration;
			buildSettings = {
				BUNDLE_LOADER = "$(BUILT_PRODUCTS_DIR)/My First Interface Builder Project.app/My First Interface Builder Project";
				FRAMEWORK_SEARCH_PATHS = (
					"\"$(SDKROOT)/Developer/Library/Frameworks\"",
					"\"$(DEVELOPER_LIBRARY_DIR)/Frameworks\"",
				);
				GCC_PRECOMPILE_PREFIX_HEADER = YES;
				GCC_PREFIX_HEADER = "My First Interface Builder Project/My First Interface Builder Project-Prefix.pch";
				INFOPLIST_FILE = "My First Interface Builder ProjectTests/My First Interface Builder ProjectTests-Info.plist";
				PRODUCT_NAME = "$(TARGET_NAME)";
				TEST_HOST = "$(BUNDLE_LOADER)";
				WRAPPER_EXTENSION = octest;
			};
			name = Release;
		};
/* End XCBuildConfiguration section */

/* Begin XCConfigurationList section */
		E433FBCB17E9F749006EBA92 /* Build configuration list for PBXProject "My First Interface Builder Project" */ = {
			isa = XCConfigurationList;
			buildConfigurations = (
				E433FC0617E9F74A006EBA92 /* Debug */,
				E433FC0717E9F74A006EBA92 /* Release */,
			);
			defaultConfigurationIsVisible = 0;
			defaultConfigurationName = Release;
		};
		E433FC0817E9F74A006EBA92 /* Build configuration list for PBXNativeTarget "My First Interface Builder Project" */ = {
			isa = XCConfigurationList;
			buildConfigurations = (
				E433FC0917E9F74A006EBA92 /* Debug */,
				E433FC0A17E9F74A006EBA92 /* Release */,
			);
			defaultConfigurationIsVisible = 0;
		};
		E433FC0B17E9F74A006EBA92 /* Build configuration list for PBXNativeTarget "My First Interface Builder ProjectTests" */ = {
			isa = XCConfigurationList;
			buildConfigurations = (
				E433FC0C17E9F74A006EBA92 /* Debug */,
				E433FC0D17E9F74A006EBA92 /* Release */,
			);
			defaultConfigurationIsVisible = 0;
		};
/* End XCConfigurationList section */
	};
	rootObject = E433FBC817E9F749006EBA92 /* Project object */;
}
